// !$*UTF8*$!
{
	archiveVersion = 1;
	classes = {
	};
	objectVersion = 50;
	objects = {

/* Begin PBXBuildFile section */
		E715833026AB3A10007C043E /* DicesApp.swift in Sources */ = {isa = PBXBuildFile; fileRef = E715832F26AB3A10007C043E /* DicesApp.swift */; };
		E715833226AB3A10007C043E /* ContentView.swift in Sources */ = {isa = PBXBuildFile; fileRef = E715833126AB3A10007C043E /* ContentView.swift */; };
		E715833426AB3A12007C043E /* Assets.xcassets in Resources */ = {isa = PBXBuildFile; fileRef = E715833326AB3A12007C043E /* Assets.xcassets */; };
		E715833726AB3A12007C043E /* Preview Assets.xcassets in Resources */ = {isa = PBXBuildFile; fileRef = E715833626AB3A12007C043E /* Preview Assets.xcassets */; };
		E7E89D7B26AC13E200F0FA92 /* Model.xcdatamodeld in Sources */ = {isa = PBXBuildFile; fileRef = E7E89D7926AC13E200F0FA92 /* Model.xcdatamodeld */; };
		E7E89D7E26AC233C00F0FA92 /* DiceView.swift in Sources */ = {isa = PBXBuildFile; fileRef = E7E89D7D26AC233C00F0FA92 /* DiceView.swift */; };
/* End PBXBuildFile section */

/* Begin PBXFileReference section */
		E715832C26AB3A10007C043E /* Dices.app */ = {isa = PBXFileReference; explicitFileType = wrapper.application; includeInIndex = 0; path = Dices.app; sourceTree = BUILT_PRODUCTS_DIR; };
		E715832F26AB3A10007C043E /* DicesApp.swift */ = {isa = PBXFileReference; lastKnownFileType = sourcecode.swift; path = DicesApp.swift; sourceTree = "<group>"; };
		E715833126AB3A10007C043E /* ContentView.swift */ = {isa = PBXFileReference; lastKnownFileType = sourcecode.swift; path = ContentView.swift; sourceTree = "<group>"; };
		E715833326AB3A12007C043E /* Assets.xcassets */ = {isa = PBXFileReference; lastKnownFileType = folder.assetcatalog; path = Assets.xcassets; sourceTree = "<group>"; };
		E715833626AB3A12007C043E /* Preview Assets.xcassets */ = {isa = PBXFileReference; lastKnownFileType = folder.assetcatalog; path = "Preview Assets.xcassets"; sourceTree = "<group>"; };
		E715833826AB3A12007C043E /* Info.plist */ = {isa = PBXFileReference; lastKnownFileType = text.plist.xml; path = Info.plist; sourceTree = "<group>"; };
		E7E89D7A26AC13E200F0FA92 /* Model.xcdatamodel */ = {isa = PBXFileReference; lastKnownFileType = wrapper.xcdatamodel; path = Model.xcdatamodel; sourceTree = "<group>"; };
		E7E89D7D26AC233C00F0FA92 /* DiceView.swift */ = {isa = PBXFileReference; lastKnownFileType = sourcecode.swift; path = DiceView.swift; sourceTree = "<group>"; };
/* End PBXFileReference section */

/* Begin PBXFrameworksBuildPhase section */
		E715832926AB3A10007C043E /* Frameworks */ = {
			isa = PBXFrameworksBuildPhase;
			buildActionMask = 2147483647;
			files = (
			);
			runOnlyForDeploymentPostprocessing = 0;
		};
/* End PBXFrameworksBuildPhase section */

/* Begin PBXGroup section */
		E715832326AB3A10007C043E = {
			isa = PBXGroup;
			children = (
				E715832E26AB3A10007C043E /* Dices */,
				E715832D26AB3A10007C043E /* Products */,
			);
			sourceTree = "<group>";
		};
		E715832D26AB3A10007C043E /* Products */ = {
			isa = PBXGroup;
			children = (
				E715832C26AB3A10007C043E /* Dices.app */,
			);
			name = Products;
			sourceTree = "<group>";
		};
		E715832E26AB3A10007C043E /* Dices */ = {
			isa = PBXGroup;
			children = (
				E715832F26AB3A10007C043E /* DicesApp.swift */,
				E715833126AB3A10007C043E /* ContentView.swift */,
				E7E89D7D26AC233C00F0FA92 /* DiceView.swift */,
				E7E89D7926AC13E200F0FA92 /* Model.xcdatamodeld */,
				E715833326AB3A12007C043E /* Assets.xcassets */,
				E715833826AB3A12007C043E /* Info.plist */,
				E715833526AB3A12007C043E /* Preview Content */,
			);
			path = Dices;
			sourceTree = "<group>";
		};
		E715833526AB3A12007C043E /* Preview Content */ = {
			isa = PBXGroup;
			children = (
				E715833626AB3A12007C043E /* Preview Assets.xcassets */,
			);
			path = "Preview Content";
			sourceTree = "<group>";
		};
/* End PBXGroup section */

/* Begin PBXNativeTarget section */
		E715832B26AB3A10007C043E /* Dices */ = {
			isa = PBXNativeTarget;
			buildConfigurationList = E715833B26AB3A12007C043E /* Build configuration list for PBXNativeTarget "Dices" */;
			buildPhases = (
				E715832826AB3A10007C043E /* Sources */,
				E715832926AB3A10007C043E /* Frameworks */,
				E715832A26AB3A10007C043E /* Resources */,
			);
			buildRules = (
			);
			dependencies = (
			);
			name = Dices;
			productName = Dices;
			productReference = E715832C26AB3A10007C043E /* Dices.app */;
			productType = "com.apple.product-type.application";
		};
/* End PBXNativeTarget section */

/* Begin PBXProject section */
		E715832426AB3A10007C043E /* Project object */ = {
			isa = PBXProject;
			attributes = {
				LastSwiftUpdateCheck = 1240;
				LastUpgradeCheck = 1240;
				TargetAttributes = {
					E715832B26AB3A10007C043E = {
						CreatedOnToolsVersion = 12.4;
					};
				};
			};
			buildConfigurationList = E715832726AB3A10007C043E /* Build configuration list for PBXProject "Dices" */;
			compatibilityVersion = "Xcode 9.3";
			developmentRegion = en;
			hasScannedForEncodings = 0;
			knownRegions = (
				en,
				Base,
			);
			mainGroup = E715832326AB3A10007C043E;
			productRefGroup = E715832D26AB3A10007C043E /* Products */;
			projectDirPath = "";
			projectRoot = "";
			targets = (
				E715832B26AB3A10007C043E /* Dices */,
			);
		};
/* End PBXProject section */

/* Begin PBXResourcesBuildPhase section */
		E715832A26AB3A10007C043E /* Resources */ = {
			isa = PBXResourcesBuildPhase;
			buildActionMask = 2147483647;
			files = (
				E715833726AB3A12007C043E /* Preview Assets.xcassets in Resources */,
				E715833426AB3A12007C043E /* Assets.xcassets in Resources */,
			);
			runOnlyForDeploymentPostprocessing = 0;
		};
/* End PBXResourcesBuildPhase section */

/* Begin PBXSourcesBuildPhase section */
		E715832826AB3A10007C043E /* Sources */ = {
			isa = PBXSourcesBuildPhase;
			buildActionMask = 2147483647;
			files = (
				E715833226AB3A10007C043E /* ContentView.swift in Sources */,
				E7E89D7E26AC233C00F0FA92 /* DiceView.swift in Sources */,
				E715833026AB3A10007C043E /* DicesApp.swift in Sources */,
				E7E89D7B26AC13E200F0FA92 /* Model.xcdatamodeld in Sources */,
			);
			runOnlyForDeploymentPostprocessing = 0;
		};
/* End PBXSourcesBuildPhase section */

/* Begin XCBuildConfiguration section */
		E715833926AB3A12007C043E /* Debug */ = {
			isa = XCBuildConfiguration;
			buildSettings = {
				ALWAYS_SEARCH_USER_PATHS = NO;
				CLANG_ANALYZER_NONNULL = YES;
				CLANG_ANALYZER_NUMBER_OBJECT_CONVERSION = YES_AGGRESSIVE;
				CLANG_CXX_LANGUAGE_STANDARD = "gnu++14";
				CLANG_CXX_LIBRARY = "libc++";
				CLANG_ENABLE_MODULES = YES;
				CLANG_ENABLE_OBJC_ARC = YES;
				CLANG_ENABLE_OBJC_WEAK = YES;
				CLANG_WARN_BLOCK_CAPTURE_AUTORELEASING = YES;
				CLANG_WARN_BOOL_CONVERSION = YES;
				CLANG_WARN_COMMA = YES;
				CLANG_WARN_CONSTANT_CONVERSION = YES;
				CLANG_WARN_DEPRECATED_OBJC_IMPLEMENTATIONS = YES;
				CLANG_WARN_DIRECT_OBJC_ISA_USAGE = YES_ERROR;
				CLANG_WARN_DOCUMENTATION_COMMENTS = YES;
				CLANG_WARN_EMPTY_BODY = YES;
				CLANG_WARN_ENUM_CONVERSION = YES;
				CLANG_WARN_INFINITE_RECURSION = YES;
				CLANG_WARN_INT_CONVERSION = YES;
				CLANG_WARN_NON_LITERAL_NULL_CONVERSION = YES;
				CLANG_WARN_OBJC_IMPLICIT_RETAIN_SELF = YES;
				CLANG_WARN_OBJC_LITERAL_CONVERSION = YES;
				CLANG_WARN_OBJC_ROOT_CLASS = YES_ERROR;
				CLANG_WARN_QUOTED_INCLUDE_IN_FRAMEWORK_HEADER = YES;
				CLANG_WARN_RANGE_LOOP_ANALYSIS = YES;
				CLANG_WARN_STRICT_PROTOTYPES = YES;
				CLANG_WARN_SUSPICIOUS_MOVE = YES;
				CLANG_WARN_UNGUARDED_AVAILABILITY = YES_AGGRESSIVE;
				CLANG_WARN_UNREACHABLE_CODE = YES;
				CLANG_WARN__DUPLICATE_METHOD_MATCH = YES;
				COPY_PHASE_STRIP = NO;
				DEBUG_INFORMATION_FORMAT = dwarf;
				ENABLE_STRICT_OBJC_MSGSEND = YES;
				ENABLE_TESTABILITY = YES;
				GCC_C_LANGUAGE_STANDARD = gnu11;
				GCC_DYNAMIC_NO_PIC = NO;
				GCC_NO_COMMON_BLOCKS = YES;
				GCC_OPTIMIZATION_LEVEL = 0;
				GCC_PREPROCESSOR_DEFINITIONS = (
					"DEBUG=1",
					"$(inherited)",
				);
				GCC_WARN_64_TO_32_BIT_CONVERSION = YES;
				GCC_WARN_ABOUT_RETURN_TYPE = YES_ERROR;
				GCC_WARN_UNDECLARED_SELECTOR = YES;
				GCC_WARN_UNINITIALIZED_AUTOS = YES_AGGRESSIVE;
				GCC_WARN_UNUSED_FUNCTION = YES;
				GCC_WARN_UNUSED_VARIABLE = YES;
				IPHONEOS_DEPLOYMENT_TARGET = 14.4;
				MTL_ENABLE_DEBUG_INFO = INCLUDE_SOURCE;
				MTL_FAST_MATH = YES;
				ONLY_ACTIVE_ARCH = YES;
				SDKROOT = iphoneos;
				SWIFT_ACTIVE_COMPILATION_CONDITIONS = DEBUG;
				SWIFT_OPTIMIZATION_LEVEL = "-Onone";
			};
			name = Debug;
		};
		E715833A26AB3A12007C043E /* Release */ = {
			isa = XCBuildConfiguration;
			buildSettings = {
				ALWAYS_SEARCH_USER_PATHS = NO;
				CLANG_ANALYZER_NONNULL = YES;
				CLANG_ANALYZER_NUMBER_OBJECT_CONVERSION = YES_AGGRESSIVE;
				CLANG_CXX_LANGUAGE_STANDARD = "gnu++14";
				CLANG_CXX_LIBRARY = "libc++";
				CLANG_ENABLE_MODULES = YES;
				CLANG_ENABLE_OBJC_ARC = YES;
				CLANG_ENABLE_OBJC_WEAK = YES;
				CLANG_WARN_BLOCK_CAPTURE_AUTORELEASING = YES;
				CLANG_WARN_BOOL_CONVERSION = YES;
				CLANG_WARN_COMMA = YES;
				CLANG_WARN_CONSTANT_CONVERSION = YES;
				CLANG_WARN_DEPRECATED_OBJC_IMPLEMENTATIONS = YES;
				CLANG_WARN_DIRECT_OBJC_ISA_USAGE = YES_ERROR;
				CLANG_WARN_DOCUMENTATION_COMMENTS = YES;
				CLANG_WARN_EMPTY_BODY = YES;
				CLANG_WARN_ENUM_CONVERSION = YES;
				CLANG_WARN_INFINITE_RECURSION = YES;
				CLANG_WARN_INT_CONVERSION = YES;
				CLANG_WARN_NON_LITERAL_NULL_CONVERSION = YES;
				CLANG_WARN_OBJC_IMPLICIT_RETAIN_SELF = YES;
				CLANG_WARN_OBJC_LITERAL_CONVERSION = YES;
				CLANG_WARN_OBJC_ROOT_CLASS = YES_ERROR;
				CLANG_WARN_QUOTED_INCLUDE_IN_FRAMEWORK_HEADER = YES;
				CLANG_WARN_RANGE_LOOP_ANALYSIS = YES;
				CLANG_WARN_STRICT_PROTOTYPES = YES;
				CLANG_WARN_SUSPICIOUS_MOVE = YES;
				CLANG_WARN_UNGUARDED_AVAILABILITY = YES_AGGRESSIVE;
				CLANG_WARN_UNREACHABLE_CODE = YES;
				CLANG_WARN__DUPLICATE_METHOD_MATCH = YES;
				COPY_PHASE_STRIP = NO;
				DEBUG_INFORMATION_FORMAT = "dwarf-with-dsym";
				ENABLE_NS_ASSERTIONS = NO;
				ENABLE_STRICT_OBJC_MSGSEND = YES;
				GCC_C_LANGUAGE_STANDARD = gnu11;
				GCC_NO_COMMON_BLOCKS = YES;
				GCC_WARN_64_TO_32_BIT_CONVERSION = YES;
				GCC_WARN_ABOUT_RETURN_TYPE = YES_ERROR;
				GCC_WARN_UNDECLARED_SELECTOR = YES;
				GCC_WARN_UNINITIALIZED_AUTOS = YES_AGGRESSIVE;
				GCC_WARN_UNUSED_FUNCTION = YES;
				GCC_WARN_UNUSED_VARIABLE = YES;
				IPHONEOS_DEPLOYMENT_TARGET = 14.4;
				MTL_ENABLE_DEBUG_INFO = NO;
				MTL_FAST_MATH = YES;
				SDKROOT = iphoneos;
				SWIFT_COMPILATION_MODE = wholemodule;
				SWIFT_OPTIMIZATION_LEVEL = "-O";
				VALIDATE_PRODUCT = YES;
			};
			name = Release;
		};
		E715833C26AB3A12007C043E /* Debug */ = {
			isa = XCBuildConfiguration;
			buildSettings = {
				ASSETCATALOG_COMPILER_APPICON_NAME = AppIcon;
				ASSETCATALOG_COMPILER_GLOBAL_ACCENT_COLOR_NAME = AccentColor;
				CODE_SIGN_STYLE = Automatic;
				DEVELOPMENT_ASSET_PATHS = "\"Dices/Preview Content\"";
				DEVELOPMENT_TEAM = MWX8MMU36D;
				ENABLE_PREVIEWS = YES;
				INFOPLIST_FILE = Dices/Info.plist;
				IPHONEOS_DEPLOYMENT_TARGET = 14.4;
				LD_RUNPATH_SEARCH_PATHS = (
					"$(inherited)",
					"@executable_path/Frameworks",
				);
				PRODUCT_BUNDLE_IDENTIFIER = VladimirMuraviev.Dices;
				PRODUCT_NAME = "$(TARGET_NAME)";
				SWIFT_VERSION = 5.0;
				TARGETED_DEVICE_FAMILY = 1;
			};
			name = Debug;
		};
		E715833D26AB3A12007C043E /* Release */ = {
			isa = XCBuildConfiguration;
			buildSettings = {
				ASSETCATALOG_COMPILER_APPICON_NAME = AppIcon;
				ASSETCATALOG_COMPILER_GLOBAL_ACCENT_COLOR_NAME = AccentColor;
				CODE_SIGN_STYLE = Automatic;
				DEVELOPMENT_ASSET_PATHS = "\"Dices/Preview Content\"";
				DEVELOPMENT_TEAM = MWX8MMU36D;
				ENABLE_PREVIEWS = YES;
				INFOPLIST_FILE = Dices/Info.plist;
				IPHONEOS_DEPLOYMENT_TARGET = 14.4;
				LD_RUNPATH_SEARCH_PATHS = (
					"$(inherited)",
					"@executable_path/Frameworks",
				);
				PRODUCT_BUNDLE_IDENTIFIER = VladimirMuraviev.Dices;
				PRODUCT_NAME = "$(TARGET_NAME)";
				SWIFT_VERSION = 5.0;
				TARGETED_DEVICE_FAMILY = 1;
			};
			name = Release;
		};
/* End XCBuildConfiguration section */

/* Begin XCConfigurationList section */
		E715832726AB3A10007C043E /* Build configuration list for PBXProject "Dices" */ = {
			isa = XCConfigurationList;
			buildConfigurations = (
				E715833926AB3A12007C043E /* Debug */,
				E715833A26AB3A12007C043E /* Release */,
			);
			defaultConfigurationIsVisible = 0;
			defaultConfigurationName = Release;
		};
		E715833B26AB3A12007C043E /* Build configuration list for PBXNativeTarget "Dices" */ = {
			isa = XCConfigurationList;
			buildConfigurations = (
				E715833C26AB3A12007C043E /* Debug */,
				E715833D26AB3A12007C043E /* Release */,
			);
			defaultConfigurationIsVisible = 0;
			defaultConfigurationName = Release;
		};
/* End XCConfigurationList section */

/* Begin XCVersionGroup section */
		E7E89D7926AC13E200F0FA92 /* Model.xcdatamodeld */ = {
			isa = XCVersionGroup;
			children = (
				E7E89D7A26AC13E200F0FA92 /* Model.xcdatamodel */,
			);
			currentVersion = E7E89D7A26AC13E200F0FA92 /* Model.xcdatamodel */;
			path = Model.xcdatamodeld;
			sourceTree = "<group>";
			versionGroupType = wrapper.xcdatamodel;
		};
/* End XCVersionGroup section */
	};
	rootObject = E715832426AB3A10007C043E /* Project object */;
}
